
Microsoft Visual Studio Solution File, Format Version 12.00
# Visual Studio Version 17
VisualStudioVersion = 17.3.32804.467
MinimumVisualStudioVersion = 10.0.40219.1
Project("{FAE04EC0-301F-11D3-BF4B-00C04F79EFBC}") = "ASPProd", "ASPProd\ASPProd.csproj", "{BCCCF454-D47D-4BBF-AF2D-E6A900784BAE}"
EndProject
Global
	GlobalSection(SolutionConfigurationPlatforms) = preSolution
		Debug|Any CPU = Debug|Any CPU
		Release|Any CPU = Release|Any CPU
	EndGlobalSection
	GlobalSection(ProjectConfigurationPlatforms) = postSolution
		{BCCCF454-D47D-4BBF-AF2D-E6A900784BAE}.Debug|Any CPU.ActiveCfg = Debug|Any CPU
		{BCCCF454-D47D-4BBF-AF2D-E6A900784BAE}.Debug|Any CPU.Build.0 = Debug|Any CPU
		{BCCCF454-D47D-4BBF-AF2D-E6A900784BAE}.Release|Any CPU.ActiveCfg = Release|Any CPU
		{BCCCF454-D47D-4BBF-AF2D-E6A900784BAE}.Release|Any CPU.Build.0 = Release|Any CPU
	EndGlobalSection
	GlobalSection(SolutionProperties) = preSolution
		HideSolutionNode = FALSE
	EndGlobalSection
	GlobalSection(ExtensibilityGlobals) = postSolution
		SolutionGuid = {0C5541FB-A1C7-4C62-B5F8-95B386F84480}
	EndGlobalSection
EndGlobal
